// !$*UTF8*$!
{
	archiveVersion = 1;
	classes = {
	};
	objectVersion = 46;
	objects = {

/* Begin PBXBuildFile section */
		6DD052231CF1DB3A00406424 /* AppDelegate.swift in Sources */ = {isa = PBXBuildFile; fileRef = 6DD052221CF1DB3A00406424 /* AppDelegate.swift */; };
		6DD052251CF1DB3A00406424 /* MemeEditorViewController.swift in Sources */ = {isa = PBXBuildFile; fileRef = 6DD052241CF1DB3A00406424 /* MemeEditorViewController.swift */; };
		6DD052281CF1DB3A00406424 /* Main.storyboard in Resources */ = {isa = PBXBuildFile; fileRef = 6DD052261CF1DB3A00406424 /* Main.storyboard */; };
		6DD0522A1CF1DB3A00406424 /* Assets.xcassets in Resources */ = {isa = PBXBuildFile; fileRef = 6DD052291CF1DB3A00406424 /* Assets.xcassets */; };
		6DD0522D1CF1DB3A00406424 /* LaunchScreen.storyboard in Resources */ = {isa = PBXBuildFile; fileRef = 6DD0522B1CF1DB3A00406424 /* LaunchScreen.storyboard */; };
		6DD052381CF1DB3A00406424 /* Meme_MeTests.swift in Sources */ = {isa = PBXBuildFile; fileRef = 6DD052371CF1DB3A00406424 /* Meme_MeTests.swift */; };
		6DD052431CF1DB3A00406424 /* Meme_MeUITests.swift in Sources */ = {isa = PBXBuildFile; fileRef = 6DD052421CF1DB3A00406424 /* Meme_MeUITests.swift */; };
		6DD052511CF21E0200406424 /* MemeEditorViewController+KeyboardNotifications.swift in Sources */ = {isa = PBXBuildFile; fileRef = 6DD052501CF21E0200406424 /* MemeEditorViewController+KeyboardNotifications.swift */; };
		6DD052531CF21E9500406424 /* MemeEditorViewController+TextFieldBehavior.swift in Sources */ = {isa = PBXBuildFile; fileRef = 6DD052521CF21E9500406424 /* MemeEditorViewController+TextFieldBehavior.swift */; };
		6DD052561CF2235100406424 /* Meme.swift in Sources */ = {isa = PBXBuildFile; fileRef = 6DD052551CF2235100406424 /* Meme.swift */; };
		6DD0529C1CF4C73500406424 /* SentMemesTableViewController.swift in Sources */ = {isa = PBXBuildFile; fileRef = 6DD0529B1CF4C73500406424 /* SentMemesTableViewController.swift */; };
		6DD0529E1CF4C79100406424 /* SentMemesCollectionViewController.swift in Sources */ = {isa = PBXBuildFile; fileRef = 6DD0529D1CF4C79100406424 /* SentMemesCollectionViewController.swift */; };
		6DD052A11CF4CD7300406424 /* MemeCollectionViewCell.swift in Sources */ = {isa = PBXBuildFile; fileRef = 6DD052A01CF4CD7300406424 /* MemeCollectionViewCell.swift */; };
		6DD052A71CF6588B00406424 /* MemeDetailViewController.swift in Sources */ = {isa = PBXBuildFile; fileRef = 6DD052A61CF6588B00406424 /* MemeDetailViewController.swift */; };
/* End PBXBuildFile section */

/* Begin PBXContainerItemProxy section */
		6DD052341CF1DB3A00406424 /* PBXContainerItemProxy */ = {
			isa = PBXContainerItemProxy;
			containerPortal = 6DD052171CF1DB3A00406424 /* Project object */;
			proxyType = 1;
			remoteGlobalIDString = 6DD0521E1CF1DB3A00406424;
			remoteInfo = "Meme Me";
		};
		6DD0523F1CF1DB3A00406424 /* PBXContainerItemProxy */ = {
			isa = PBXContainerItemProxy;
			containerPortal = 6DD052171CF1DB3A00406424 /* Project object */;
			proxyType = 1;
			remoteGlobalIDString = 6DD0521E1CF1DB3A00406424;
			remoteInfo = "Meme Me";
		};
/* End PBXContainerItemProxy section */

/* Begin PBXFileReference section */
		6DD0521F1CF1DB3A00406424 /* Meme Me.app */ = {isa = PBXFileReference; explicitFileType = wrapper.application; includeInIndex = 0; path = "Meme Me.app"; sourceTree = BUILT_PRODUCTS_DIR; };
		6DD052221CF1DB3A00406424 /* AppDelegate.swift */ = {isa = PBXFileReference; lastKnownFileType = sourcecode.swift; path = AppDelegate.swift; sourceTree = "<group>"; };
		6DD052241CF1DB3A00406424 /* MemeEditorViewController.swift */ = {isa = PBXFileReference; lastKnownFileType = sourcecode.swift; path = MemeEditorViewController.swift; sourceTree = "<group>"; };
		6DD052271CF1DB3A00406424 /* Base */ = {isa = PBXFileReference; lastKnownFileType = file.storyboard; name = Base; path = Base.lproj/Main.storyboard; sourceTree = "<group>"; };
		6DD052291CF1DB3A00406424 /* Assets.xcassets */ = {isa = PBXFileReference; lastKnownFileType = folder.assetcatalog; path = Assets.xcassets; sourceTree = "<group>"; };
		6DD0522C1CF1DB3A00406424 /* Base */ = {isa = PBXFileReference; lastKnownFileType = file.storyboard; name = Base; path = Base.lproj/LaunchScreen.storyboard; sourceTree = "<group>"; };
		6DD0522E1CF1DB3A00406424 /* Info.plist */ = {isa = PBXFileReference; lastKnownFileType = text.plist.xml; path = Info.plist; sourceTree = "<group>"; };
		6DD052331CF1DB3A00406424 /* Meme MeTests.xctest */ = {isa = PBXFileReference; explicitFileType = wrapper.cfbundle; includeInIndex = 0; path = "Meme MeTests.xctest"; sourceTree = BUILT_PRODUCTS_DIR; };
		6DD052371CF1DB3A00406424 /* Meme_MeTests.swift */ = {isa = PBXFileReference; lastKnownFileType = sourcecode.swift; path = Meme_MeTests.swift; sourceTree = "<group>"; };
		6DD052391CF1DB3A00406424 /* Info.plist */ = {isa = PBXFileReference; lastKnownFileType = text.plist.xml; path = Info.plist; sourceTree = "<group>"; };
		6DD0523E1CF1DB3A00406424 /* Meme MeUITests.xctest */ = {isa = PBXFileReference; explicitFileType = wrapper.cfbundle; includeInIndex = 0; path = "Meme MeUITests.xctest"; sourceTree = BUILT_PRODUCTS_DIR; };
		6DD052421CF1DB3A00406424 /* Meme_MeUITests.swift */ = {isa = PBXFileReference; lastKnownFileType = sourcecode.swift; path = Meme_MeUITests.swift; sourceTree = "<group>"; };
		6DD052441CF1DB3A00406424 /* Info.plist */ = {isa = PBXFileReference; lastKnownFileType = text.plist.xml; path = Info.plist; sourceTree = "<group>"; };
		6DD052501CF21E0200406424 /* MemeEditorViewController+KeyboardNotifications.swift */ = {isa = PBXFileReference; fileEncoding = 4; lastKnownFileType = sourcecode.swift; path = "MemeEditorViewController+KeyboardNotifications.swift"; sourceTree = "<group>"; };
		6DD052521CF21E9500406424 /* MemeEditorViewController+TextFieldBehavior.swift */ = {isa = PBXFileReference; fileEncoding = 4; lastKnownFileType = sourcecode.swift; path = "MemeEditorViewController+TextFieldBehavior.swift"; sourceTree = "<group>"; };
		6DD052551CF2235100406424 /* Meme.swift */ = {isa = PBXFileReference; fileEncoding = 4; lastKnownFileType = sourcecode.swift; path = Meme.swift; sourceTree = "<group>"; };
		6DD0529B1CF4C73500406424 /* SentMemesTableViewController.swift */ = {isa = PBXFileReference; fileEncoding = 4; lastKnownFileType = sourcecode.swift; path = SentMemesTableViewController.swift; sourceTree = "<group>"; };
		6DD0529D1CF4C79100406424 /* SentMemesCollectionViewController.swift */ = {isa = PBXFileReference; fileEncoding = 4; lastKnownFileType = sourcecode.swift; path = SentMemesCollectionViewController.swift; sourceTree = "<group>"; };
		6DD052A01CF4CD7300406424 /* MemeCollectionViewCell.swift */ = {isa = PBXFileReference; fileEncoding = 4; lastKnownFileType = sourcecode.swift; path = MemeCollectionViewCell.swift; sourceTree = "<group>"; };
		6DD052A61CF6588B00406424 /* MemeDetailViewController.swift */ = {isa = PBXFileReference; fileEncoding = 4; lastKnownFileType = sourcecode.swift; path = MemeDetailViewController.swift; sourceTree = "<group>"; };
/* End PBXFileReference section */

/* Begin PBXFrameworksBuildPhase section */
		6DD0521C1CF1DB3A00406424 /* Frameworks */ = {
			isa = PBXFrameworksBuildPhase;
			buildActionMask = 2147483647;
			files = (
			);
			runOnlyForDeploymentPostprocessing = 0;
		};
		6DD052301CF1DB3A00406424 /* Frameworks */ = {
			isa = PBXFrameworksBuildPhase;
			buildActionMask = 2147483647;
			files = (
			);
			runOnlyForDeploymentPostprocessing = 0;
		};
		6DD0523B1CF1DB3A00406424 /* Frameworks */ = {
			isa = PBXFrameworksBuildPhase;
			buildActionMask = 2147483647;
			files = (
			);
			runOnlyForDeploymentPostprocessing = 0;
		};
/* End PBXFrameworksBuildPhase section */

/* Begin PBXGroup section */
		6DD052161CF1DB3A00406424 = {
			isa = PBXGroup;
			children = (
				6DD052211CF1DB3A00406424 /* Meme Me */,
				6DD052361CF1DB3A00406424 /* Meme MeTests */,
				6DD052411CF1DB3A00406424 /* Meme MeUITests */,
				6DD052201CF1DB3A00406424 /* Products */,
			);
			sourceTree = "<group>";
		};
		6DD052201CF1DB3A00406424 /* Products */ = {
			isa = PBXGroup;
			children = (
				6DD0521F1CF1DB3A00406424 /* Meme Me.app */,
				6DD052331CF1DB3A00406424 /* Meme MeTests.xctest */,
				6DD0523E1CF1DB3A00406424 /* Meme MeUITests.xctest */,
			);
			name = Products;
			sourceTree = "<group>";
		};
		6DD052211CF1DB3A00406424 /* Meme Me */ = {
			isa = PBXGroup;
			children = (
				6DD052221CF1DB3A00406424 /* AppDelegate.swift */,
				6DD052571CF224D300406424 /* Models */,
				6DD052541CF21F1000406424 /* ViewControllers */,
				6DD052261CF1DB3A00406424 /* Main.storyboard */,
				6DD052291CF1DB3A00406424 /* Assets.xcassets */,
				6DD0522B1CF1DB3A00406424 /* LaunchScreen.storyboard */,
				6DD0522E1CF1DB3A00406424 /* Info.plist */,
			);
			path = "Meme Me";
			sourceTree = "<group>";
		};
		6DD052361CF1DB3A00406424 /* Meme MeTests */ = {
			isa = PBXGroup;
			children = (
				6DD052371CF1DB3A00406424 /* Meme_MeTests.swift */,
				6DD052391CF1DB3A00406424 /* Info.plist */,
			);
			path = "Meme MeTests";
			sourceTree = "<group>";
		};
		6DD052411CF1DB3A00406424 /* Meme MeUITests */ = {
			isa = PBXGroup;
			children = (
				6DD052421CF1DB3A00406424 /* Meme_MeUITests.swift */,
				6DD052441CF1DB3A00406424 /* Info.plist */,
			);
			path = "Meme MeUITests";
			sourceTree = "<group>";
		};
		6DD052541CF21F1000406424 /* ViewControllers */ = {
			isa = PBXGroup;
			children = (
				6DD052A51CF4F05E00406424 /* SentMemesTable */,
				6DD052A21CF4D0E900406424 /* SentMemesCollection */,
				6DD0529A1CF4C71F00406424 /* MemeEditor */,
				6DD052A61CF6588B00406424 /* MemeDetailViewController.swift */,
			);
			name = ViewControllers;
			sourceTree = "<group>";
		};
		6DD052571CF224D300406424 /* Models */ = {
			isa = PBXGroup;
			children = (
				6DD052551CF2235100406424 /* Meme.swift */,
			);
			name = Models;
			sourceTree = "<group>";
		};
		6DD0529A1CF4C71F00406424 /* MemeEditor */ = {
			isa = PBXGroup;
			children = (
				6DD052241CF1DB3A00406424 /* MemeEditorViewController.swift */,
				6DD052521CF21E9500406424 /* MemeEditorViewController+TextFieldBehavior.swift */,
				6DD052501CF21E0200406424 /* MemeEditorViewController+KeyboardNotifications.swift */,
			);
			name = MemeEditor;
			sourceTree = "<group>";
		};
		6DD052A21CF4D0E900406424 /* SentMemesCollection */ = {
			isa = PBXGroup;
			children = (
				6DD052A01CF4CD7300406424 /* MemeCollectionViewCell.swift */,
				6DD0529D1CF4C79100406424 /* SentMemesCollectionViewController.swift */,
			);
			name = SentMemesCollection;
			sourceTree = "<group>";
		};
		6DD052A51CF4F05E00406424 /* SentMemesTable */ = {
			isa = PBXGroup;
			children = (
				6DD0529B1CF4C73500406424 /* SentMemesTableViewController.swift */,
			);
			name = SentMemesTable;
			sourceTree = "<group>";
		};
/* End PBXGroup section */

/* Begin PBXNativeTarget section */
		6DD0521E1CF1DB3A00406424 /* Meme Me */ = {
			isa = PBXNativeTarget;
			buildConfigurationList = 6DD052471CF1DB3A00406424 /* Build configuration list for PBXNativeTarget "Meme Me" */;
			buildPhases = (
				6DD0521B1CF1DB3A00406424 /* Sources */,
				6DD0521C1CF1DB3A00406424 /* Frameworks */,
				6DD0521D1CF1DB3A00406424 /* Resources */,
			);
			buildRules = (
			);
			dependencies = (
			);
			name = "Meme Me";
			productName = "Meme Me";
			productReference = 6DD0521F1CF1DB3A00406424 /* Meme Me.app */;
			productType = "com.apple.product-type.application";
		};
		6DD052321CF1DB3A00406424 /* Meme MeTests */ = {
			isa = PBXNativeTarget;
			buildConfigurationList = 6DD0524A1CF1DB3A00406424 /* Build configuration list for PBXNativeTarget "Meme MeTests" */;
			buildPhases = (
				6DD0522F1CF1DB3A00406424 /* Sources */,
				6DD052301CF1DB3A00406424 /* Frameworks */,
				6DD052311CF1DB3A00406424 /* Resources */,
			);
			buildRules = (
			);
			dependencies = (
				6DD052351CF1DB3A00406424 /* PBXTargetDependency */,
			);
			name = "Meme MeTests";
			productName = "Meme MeTests";
			productReference = 6DD052331CF1DB3A00406424 /* Meme MeTests.xctest */;
			productType = "com.apple.product-type.bundle.unit-test";
		};
		6DD0523D1CF1DB3A00406424 /* Meme MeUITests */ = {
			isa = PBXNativeTarget;
			buildConfigurationList = 6DD0524D1CF1DB3A00406424 /* Build configuration list for PBXNativeTarget "Meme MeUITests" */;
			buildPhases = (
				6DD0523A1CF1DB3A00406424 /* Sources */,
				6DD0523B1CF1DB3A00406424 /* Frameworks */,
				6DD0523C1CF1DB3A00406424 /* Resources */,
			);
			buildRules = (
			);
			dependencies = (
				6DD052401CF1DB3A00406424 /* PBXTargetDependency */,
			);
			name = "Meme MeUITests";
			productName = "Meme MeUITests";
			productReference = 6DD0523E1CF1DB3A00406424 /* Meme MeUITests.xctest */;
			productType = "com.apple.product-type.bundle.ui-testing";
		};
/* End PBXNativeTarget section */

/* Begin PBXProject section */
		6DD052171CF1DB3A00406424 /* Project object */ = {
			isa = PBXProject;
			attributes = {
				LastSwiftUpdateCheck = 0730;
				LastUpgradeCheck = 0730;
				ORGANIZATIONNAME = "Edwin Chia";
				TargetAttributes = {
					6DD0521E1CF1DB3A00406424 = {
						CreatedOnToolsVersion = 7.3.1;
					};
					6DD052321CF1DB3A00406424 = {
						CreatedOnToolsVersion = 7.3.1;
						TestTargetID = 6DD0521E1CF1DB3A00406424;
					};
					6DD0523D1CF1DB3A00406424 = {
						CreatedOnToolsVersion = 7.3.1;
						TestTargetID = 6DD0521E1CF1DB3A00406424;
					};
				};
			};
			buildConfigurationList = 6DD0521A1CF1DB3A00406424 /* Build configuration list for PBXProject "Meme Me" */;
			compatibilityVersion = "Xcode 3.2";
			developmentRegion = English;
			hasScannedForEncodings = 0;
			knownRegions = (
				en,
				Base,
			);
			mainGroup = 6DD052161CF1DB3A00406424;
			productRefGroup = 6DD052201CF1DB3A00406424 /* Products */;
			projectDirPath = "";
			projectRoot = "";
			targets = (
				6DD0521E1CF1DB3A00406424 /* Meme Me */,
				6DD052321CF1DB3A00406424 /* Meme MeTests */,
				6DD0523D1CF1DB3A00406424 /* Meme MeUITests */,
			);
		};
/* End PBXProject section */

/* Begin PBXResourcesBuildPhase section */
		6DD0521D1CF1DB3A00406424 /* Resources */ = {
			isa = PBXResourcesBuildPhase;
			buildActionMask = 2147483647;
			files = (
				6DD0522D1CF1DB3A00406424 /* LaunchScreen.storyboard in Resources */,
				6DD0522A1CF1DB3A00406424 /* Assets.xcassets in Resources */,
				6DD052281CF1DB3A00406424 /* Main.storyboard in Resources */,
			);
			runOnlyForDeploymentPostprocessing = 0;
		};
		6DD052311CF1DB3A00406424 /* Resources */ = {
			isa = PBXResourcesBuildPhase;
			buildActionMask = 2147483647;
			files = (
			);
			runOnlyForDeploymentPostprocessing = 0;
		};
		6DD0523C1CF1DB3A00406424 /* Resources */ = {
			isa = PBXResourcesBuildPhase;
			buildActionMask = 2147483647;
			files = (
			);
			runOnlyForDeploymentPostprocessing = 0;
		};
/* End PBXResourcesBuildPhase section */

/* Begin PBXSourcesBuildPhase section */
		6DD0521B1CF1DB3A00406424 /* Sources */ = {
			isa = PBXSourcesBuildPhase;
			buildActionMask = 2147483647;
			files = (
				6DD052A71CF6588B00406424 /* MemeDetailViewController.swift in Sources */,
				6DD052531CF21E9500406424 /* MemeEditorViewController+TextFieldBehavior.swift in Sources */,
				6DD0529E1CF4C79100406424 /* SentMemesCollectionViewController.swift in Sources */,
				6DD052A11CF4CD7300406424 /* MemeCollectionViewCell.swift in Sources */,
				6DD0529C1CF4C73500406424 /* SentMemesTableViewController.swift in Sources */,
				6DD052251CF1DB3A00406424 /* MemeEditorViewController.swift in Sources */,
				6DD052231CF1DB3A00406424 /* AppDelegate.swift in Sources */,
				6DD052511CF21E0200406424 /* MemeEditorViewController+KeyboardNotifications.swift in Sources */,
				6DD052561CF2235100406424 /* Meme.swift in Sources */,
			);
			runOnlyForDeploymentPostprocessing = 0;
		};
		6DD0522F1CF1DB3A00406424 /* Sources */ = {
			isa = PBXSourcesBuildPhase;
			buildActionMask = 2147483647;
			files = (
				6DD052381CF1DB3A00406424 /* Meme_MeTests.swift in Sources */,
			);
			runOnlyForDeploymentPostprocessing = 0;
		};
		6DD0523A1CF1DB3A00406424 /* Sources */ = {
			isa = PBXSourcesBuildPhase;
			buildActionMask = 2147483647;
			files = (
				6DD052431CF1DB3A00406424 /* Meme_MeUITests.swift in Sources */,
			);
			runOnlyForDeploymentPostprocessing = 0;
		};
/* End PBXSourcesBuildPhase section */

/* Begin PBXTargetDependency section */
		6DD052351CF1DB3A00406424 /* PBXTargetDependency */ = {
			isa = PBXTargetDependency;
			target = 6DD0521E1CF1DB3A00406424 /* Meme Me */;
			targetProxy = 6DD052341CF1DB3A00406424 /* PBXContainerItemProxy */;
		};
		6DD052401CF1DB3A00406424 /* PBXTargetDependency */ = {
			isa = PBXTargetDependency;
			target = 6DD0521E1CF1DB3A00406424 /* Meme Me */;
			targetProxy = 6DD0523F1CF1DB3A00406424 /* PBXContainerItemProxy */;
		};
/* End PBXTargetDependency section */

/* Begin PBXVariantGroup section */
		6DD052261CF1DB3A00406424 /* Main.storyboard */ = {
			isa = PBXVariantGroup;
			children = (
				6DD052271CF1DB3A00406424 /* Base */,
			);
			name = Main.storyboard;
			sourceTree = "<group>";
		};
		6DD0522B1CF1DB3A00406424 /* LaunchScreen.storyboard */ = {
			isa = PBXVariantGroup;
			children = (
				6DD0522C1CF1DB3A00406424 /* Base */,
			);
			name = LaunchScreen.storyboard;
			sourceTree = "<group>";
		};
/* End PBXVariantGroup section */

/* Begin XCBuildConfiguration section */
		6DD052451CF1DB3A00406424 /* Debug */ = {
			isa = XCBuildConfiguration;
			buildSettings = {
				ALWAYS_SEARCH_USER_PATHS = NO;
				CLANG_ANALYZER_NONNULL = YES;
				CLANG_CXX_LANGUAGE_STANDARD = "gnu++0x";
				CLANG_CXX_LIBRARY = "libc++";
				CLANG_ENABLE_MODULES = YES;
				CLANG_ENABLE_OBJC_ARC = YES;
				CLANG_WARN_BOOL_CONVERSION = YES;
				CLANG_WARN_CONSTANT_CONVERSION = YES;
				CLANG_WARN_DIRECT_OBJC_ISA_USAGE = YES_ERROR;
				CLANG_WARN_EMPTY_BODY = YES;
				CLANG_WARN_ENUM_CONVERSION = YES;
				CLANG_WARN_INT_CONVERSION = YES;
				CLANG_WARN_OBJC_ROOT_CLASS = YES_ERROR;
				CLANG_WARN_UNREACHABLE_CODE = YES;
				CLANG_WARN__DUPLICATE_METHOD_MATCH = YES;
				"CODE_SIGN_IDENTITY[sdk=iphoneos*]" = "iPhone Developer";
				COPY_PHASE_STRIP = NO;
				DEBUG_INFORMATION_FORMAT = dwarf;
				ENABLE_STRICT_OBJC_MSGSEND = YES;
				ENABLE_TESTABILITY = YES;
				GCC_C_LANGUAGE_STANDARD = gnu99;
				GCC_DYNAMIC_NO_PIC = NO;
				GCC_NO_COMMON_BLOCKS = YES;
				GCC_OPTIMIZATION_LEVEL = 0;
				GCC_PREPROCESSOR_DEFINITIONS = (
					"DEBUG=1",
					"$(inherited)",
				);
				GCC_WARN_64_TO_32_BIT_CONVERSION = YES;
				GCC_WARN_ABOUT_RETURN_TYPE = YES_ERROR;
				GCC_WARN_UNDECLARED_SELECTOR = YES;
				GCC_WARN_UNINITIALIZED_AUTOS = YES_AGGRESSIVE;
				GCC_WARN_UNUSED_FUNCTION = YES;
				GCC_WARN_UNUSED_VARIABLE = YES;
				IPHONEOS_DEPLOYMENT_TARGET = 9.3;
				MTL_ENABLE_DEBUG_INFO = YES;
				ONLY_ACTIVE_ARCH = YES;
				SDKROOT = iphoneos;
				SWIFT_OPTIMIZATION_LEVEL = "-Onone";
				TARGETED_DEVICE_FAMILY = "1,2";
			};
			name = Debug;
		};
		6DD052461CF1DB3A00406424 /* Release */ = {
			isa = XCBuildConfiguration;
			buildSettings = {
				ALWAYS_SEARCH_USER_PATHS = NO;
				CLANG_ANALYZER_NONNULL = YES;
				CLANG_CXX_LANGUAGE_STANDARD = "gnu++0x";
				CLANG_CXX_LIBRARY = "libc++";
				CLANG_ENABLE_MODULES = YES;
				CLANG_ENABLE_OBJC_ARC = YES;
				CLANG_WARN_BOOL_CONVERSION = YES;
				CLANG_WARN_CONSTANT_CONVERSION = YES;
				CLANG_WARN_DIRECT_OBJC_ISA_USAGE = YES_ERROR;
				CLANG_WARN_EMPTY_BODY = YES;
				CLANG_WARN_ENUM_CONVERSION = YES;
				CLANG_WARN_INT_CONVERSION = YES;
				CLANG_WARN_OBJC_ROOT_CLASS = YES_ERROR;
				CLANG_WARN_UNREACHABLE_CODE = YES;
				CLANG_WARN__DUPLICATE_METHOD_MATCH = YES;
				"CODE_SIGN_IDENTITY[sdk=iphoneos*]" = "iPhone Developer";
				COPY_PHASE_STRIP = NO;
				DEBUG_INFORMATION_FORMAT = "dwarf-with-dsym";
				ENABLE_NS_ASSERTIONS = NO;
				ENABLE_STRICT_OBJC_MSGSEND = YES;
				GCC_C_LANGUAGE_STANDARD = gnu99;
				GCC_NO_COMMON_BLOCKS = YES;
				GCC_WARN_64_TO_32_BIT_CONVERSION = YES;
				GCC_WARN_ABOUT_RETURN_TYPE = YES_ERROR;
				GCC_WARN_UNDECLARED_SELECTOR = YES;
				GCC_WARN_UNINITIALIZED_AUTOS = YES_AGGRESSIVE;
				GCC_WARN_UNUSED_FUNCTION = YES;
				GCC_WARN_UNUSED_VARIABLE = YES;
				IPHONEOS_DEPLOYMENT_TARGET = 9.3;
				MTL_ENABLE_DEBUG_INFO = NO;
				SDKROOT = iphoneos;
				TARGETED_DEVICE_FAMILY = "1,2";
				VALIDATE_PRODUCT = YES;
			};
			name = Release;
		};
		6DD052481CF1DB3A00406424 /* Debug */ = {
			isa = XCBuildConfiguration;
			buildSettings = {
				ASSETCATALOG_COMPILER_APPICON_NAME = AppIcon;
				INFOPLIST_FILE = "Meme Me/Info.plist";
				LD_RUNPATH_SEARCH_PATHS = "$(inherited) @executable_path/Frameworks";
				PRODUCT_BUNDLE_IDENTIFIER = "com.udacity.Meme-Me";
				PRODUCT_NAME = "$(TARGET_NAME)";
			};
			name = Debug;
		};
		6DD052491CF1DB3A00406424 /* Release */ = {
			isa = XCBuildConfiguration;
			buildSettings = {
				ASSETCATALOG_COMPILER_APPICON_NAME = AppIcon;
				INFOPLIST_FILE = "Meme Me/Info.plist";
				LD_RUNPATH_SEARCH_PATHS = "$(inherited) @executable_path/Frameworks";
				PRODUCT_BUNDLE_IDENTIFIER = "com.udacity.Meme-Me";
				PRODUCT_NAME = "$(TARGET_NAME)";
			};
			name = Release;
		};
		6DD0524B1CF1DB3A00406424 /* Debug */ = {
			isa = XCBuildConfiguration;
			buildSettings = {
				BUNDLE_LOADER = "$(TEST_HOST)";
				INFOPLIST_FILE = "Meme MeTests/Info.plist";
				LD_RUNPATH_SEARCH_PATHS = "$(inherited) @executable_path/Frameworks @loader_path/Frameworks";
				PRODUCT_BUNDLE_IDENTIFIER = "com.udacity.Meme-MeTests";
				PRODUCT_NAME = "$(TARGET_NAME)";
				TEST_HOST = "$(BUILT_PRODUCTS_DIR)/Meme Me.app/Meme Me";
			};
			name = Debug;
		};
		6DD0524C1CF1DB3A00406424 /* Release */ = {
			isa = XCBuildConfiguration;
			buildSettings = {
				BUNDLE_LOADER = "$(TEST_HOST)";
				INFOPLIST_FILE = "Meme MeTests/Info.plist";
				LD_RUNPATH_SEARCH_PATHS = "$(inherited) @executable_path/Frameworks @loader_path/Frameworks";
				PRODUCT_BUNDLE_IDENTIFIER = "com.udacity.Meme-MeTests";
				PRODUCT_NAME = "$(TARGET_NAME)";
				TEST_HOST = "$(BUILT_PRODUCTS_DIR)/Meme Me.app/Meme Me";
			};
			name = Release;
		};
		6DD0524E1CF1DB3A00406424 /* Debug */ = {
			isa = XCBuildConfiguration;
			buildSettings = {
				INFOPLIST_FILE = "Meme MeUITests/Info.plist";
				LD_RUNPATH_SEARCH_PATHS = "$(inherited) @executable_path/Frameworks @loader_path/Frameworks";
				PRODUCT_BUNDLE_IDENTIFIER = "com.udacity.Meme-MeUITests";
				PRODUCT_NAME = "$(TARGET_NAME)";
				TEST_TARGET_NAME = "Meme Me";
			};
			name = Debug;
		};
		6DD0524F1CF1DB3A00406424 /* Release */ = {
			isa = XCBuildConfiguration;
			buildSettings = {
				INFOPLIST_FILE = "Meme MeUITests/Info.plist";
				LD_RUNPATH_SEARCH_PATHS = "$(inherited) @executable_path/Frameworks @loader_path/Frameworks";
				PRODUCT_BUNDLE_IDENTIFIER = "com.udacity.Meme-MeUITests";
				PRODUCT_NAME = "$(TARGET_NAME)";
				TEST_TARGET_NAME = "Meme Me";
			};
			name = Release;
		};
/* End XCBuildConfiguration section */

/* Begin XCConfigurationList section */
		6DD0521A1CF1DB3A00406424 /* Build configuration list for PBXProject "Meme Me" */ = {
			isa = XCConfigurationList;
			buildConfigurations = (
				6DD052451CF1DB3A00406424 /* Debug */,
				6DD052461CF1DB3A00406424 /* Release */,
			);
			defaultConfigurationIsVisible = 0;
			defaultConfigurationName = Release;
		};
		6DD052471CF1DB3A00406424 /* Build configuration list for PBXNativeTarget "Meme Me" */ = {
			isa = XCConfigurationList;
			buildConfigurations = (
				6DD052481CF1DB3A00406424 /* Debug */,
				6DD052491CF1DB3A00406424 /* Release */,
			);
			defaultConfigurationIsVisible = 0;
			defaultConfigurationName = Release;
		};
		6DD0524A1CF1DB3A00406424 /* Build configuration list for PBXNativeTarget "Meme MeTests" */ = {
			isa = XCConfigurationList;
			buildConfigurations = (
				6DD0524B1CF1DB3A00406424 /* Debug */,
				6DD0524C1CF1DB3A00406424 /* Release */,
			);
			defaultConfigurationIsVisible = 0;
			defaultConfigurationName = Release;
		};
		6DD0524D1CF1DB3A00406424 /* Build configuration list for PBXNativeTarget "Meme MeUITests" */ = {
			isa = XCConfigurationList;
			buildConfigurations = (
				6DD0524E1CF1DB3A00406424 /* Debug */,
				6DD0524F1CF1DB3A00406424 /* Release */,
			);
			defaultConfigurationIsVisible = 0;
			defaultConfigurationName = Release;
		};
/* End XCConfigurationList section */
	};
	rootObject = 6DD052171CF1DB3A00406424 /* Project object */;
}
